Microsoft Visual Studio Solution File, Format Version 12.00
# Visual Studio Version 17
VisualStudioVersion = 17.5.2.0
MinimumVisualStudioVersion = 10.0.40219.1
Project("{FAE04EC0-301F-11D3-BF4B-00C04F79EFBC}") = "NhlPkIngest", "NhlPkIngest\NhlPkIngest.csproj", "{63CDEF0F-6DAD-5C63-A637-4D014EB63D49}"
EndProject
Project("{FAE04EC0-301F-11D3-BF4B-00C04F79EFBC}") = "NhlPkApi", "NhlPkApi\NhlPkApi.csproj", "{9963B651-FAB5-42CA-B3AF-0AA26F0FC0E5}"
EndProject
Global
	GlobalSection(SolutionConfigurationPlatforms) = preSolution
		Debug|Any CPU = Debug|Any CPU
		Release|Any CPU = Release|Any CPU
	EndGlobalSection
	GlobalSection(ProjectConfigurationPlatforms) = postSolution
		{63CDEF0F-6DAD-5C63-A637-4D014EB63D49}.Debug|Any CPU.ActiveCfg = Debug|Any CPU
		{63CDEF0F-6DAD-5C63-A637-4D014EB63D49}.Debug|Any CPU.Build.0 = Debug|Any CPU
		{63CDEF0F-6DAD-5C63-A637-4D014EB63D49}.Release|Any CPU.ActiveCfg = Release|Any CPU
		{63CDEF0F-6DAD-5C63-A637-4D014EB63D49}.Release|Any CPU.Build.0 = Release|Any CPU
		{9963B651-FAB5-42CA-B3AF-0AA26F0FC0E5}.Debug|Any CPU.ActiveCfg = Debug|Any CPU
		{9963B651-FAB5-42CA-B3AF-0AA26F0FC0E5}.Debug|Any CPU.Build.0 = Debug|Any CPU
		{9963B651-FAB5-42CA-B3AF-0AA26F0FC0E5}.Release|Any CPU.ActiveCfg = Release|Any CPU
		{9963B651-FAB5-42CA-B3AF-0AA26F0FC0E5}.Release|Any CPU.Build.0 = Release|Any CPU
	EndGlobalSection
	GlobalSection(SolutionProperties) = preSolution
		HideSolutionNode = FALSE
	EndGlobalSection
	GlobalSection(ExtensibilityGlobals) = postSolution
		SolutionGuid = {D0610FE5-0CFB-49E2-BD36-918F6A12B64C}
	EndGlobalSection
EndGlobal
